
Microsoft Visual Studio Solution File, Format Version 12.00
# Visual Studio Version 16
VisualStudioVersion = 16.0.32228.343
MinimumVisualStudioVersion = 10.0.40219.1
Project("{FAE04EC0-301F-11D3-BF4B-00C04F79EFBC}") = "ExercicioEntradaDeDados", "ExercicioEntradaDeDados\ExercicioEntradaDeDados.csproj", "{C6D6F8CE-9268-43FE-A0E9-67FE9FBC3595}"
EndProject
Global
	GlobalSection(SolutionConfigurationPlatforms) = preSolution
		Debug|Any CPU = Debug|Any CPU
		Release|Any CPU = Release|Any CPU
	EndGlobalSection
	GlobalSection(ProjectConfigurationPlatforms) = postSolution
		{C6D6F8CE-9268-43FE-A0E9-67FE9FBC3595}.Debug|Any CPU.ActiveCfg = Debug|Any CPU
		{C6D6F8CE-9268-43FE-A0E9-67FE9FBC3595}.Debug|Any CPU.Build.0 = Debug|Any CPU
		{C6D6F8CE-9268-43FE-A0E9-67FE9FBC3595}.Release|Any CPU.ActiveCfg = Release|Any CPU
		{C6D6F8CE-9268-43FE-A0E9-67FE9FBC3595}.Release|Any CPU.Build.0 = Release|Any CPU
	EndGlobalSection
	GlobalSection(SolutionProperties) = preSolution
		HideSolutionNode = FALSE
	EndGlobalSection
	GlobalSection(ExtensibilityGlobals) = postSolution
		SolutionGuid = {AD9148B1-A13C-46C6-82DC-4A40E67EF3E4}
	EndGlobalSection
EndGlobal
